
Microsoft Visual Studio Solution File, Format Version 12.00
# Visual Studio Version 17
VisualStudioVersion = 17.6.33815.320
MinimumVisualStudioVersion = 10.0.40219.1
Project("{9A19103F-16F7-4668-BE54-9A1E7A4F7556}") = "MyStore", "MyStore\MyStore.csproj", "{A753ADF1-8B78-4ADA-82B7-FE572117C49C}"
EndProject
Project("{FAE04EC0-301F-11D3-BF4B-00C04F79EFBC}") = "MyStoreService", "MyStoreService\MyStoreService.csproj", "{2CED8EA9-60F2-43A4-9B16-3C38EF39FA34}"
EndProject
Global
	GlobalSection(SolutionConfigurationPlatforms) = preSolution
		Debug|Any CPU = Debug|Any CPU
		Release|Any CPU = Release|Any CPU
	EndGlobalSection
	GlobalSection(ProjectConfigurationPlatforms) = postSolution
		{A753ADF1-8B78-4ADA-82B7-FE572117C49C}.Debug|Any CPU.ActiveCfg = Debug|Any CPU
		{A753ADF1-8B78-4ADA-82B7-FE572117C49C}.Debug|Any CPU.Build.0 = Debug|Any CPU
		{A753ADF1-8B78-4ADA-82B7-FE572117C49C}.Release|Any CPU.ActiveCfg = Release|Any CPU
		{A753ADF1-8B78-4ADA-82B7-FE572117C49C}.Release|Any CPU.Build.0 = Release|Any CPU
		{2CED8EA9-60F2-43A4-9B16-3C38EF39FA34}.Debug|Any CPU.ActiveCfg = Debug|Any CPU
		{2CED8EA9-60F2-43A4-9B16-3C38EF39FA34}.Debug|Any CPU.Build.0 = Debug|Any CPU
		{2CED8EA9-60F2-43A4-9B16-3C38EF39FA34}.Release|Any CPU.ActiveCfg = Release|Any CPU
		{2CED8EA9-60F2-43A4-9B16-3C38EF39FA34}.Release|Any CPU.Build.0 = Release|Any CPU
	EndGlobalSection
	GlobalSection(SolutionProperties) = preSolution
		HideSolutionNode = FALSE
	EndGlobalSection
	GlobalSection(ExtensibilityGlobals) = postSolution
		SolutionGuid = {4E40894A-5029-4D53-BB96-0BAE5BDCA57D}
	EndGlobalSection
EndGlobal
